
Microsoft Visual Studio Solution File, Format Version 12.00
# Visual Studio Version 17
VisualStudioVersion = 17.0.32014.148
MinimumVisualStudioVersion = 10.0.40219.1
Project("{FAE04EC0-301F-11D3-BF4B-00C04F79EFBC}") = "AppUsingAsync_Await", "AppUsingAsync_Await\AppUsingAsync_Await.csproj", "{D6EFF28A-09BE-49F8-B7C8-69ADBD8892E8}"
EndProject
Global
	GlobalSection(SolutionConfigurationPlatforms) = preSolution
		Debug|Any CPU = Debug|Any CPU
		Release|Any CPU = Release|Any CPU
	EndGlobalSection
	GlobalSection(ProjectConfigurationPlatforms) = postSolution
		{D6EFF28A-09BE-49F8-B7C8-69ADBD8892E8}.Debug|Any CPU.ActiveCfg = Debug|Any CPU
		{D6EFF28A-09BE-49F8-B7C8-69ADBD8892E8}.Debug|Any CPU.Build.0 = Debug|Any CPU
		{D6EFF28A-09BE-49F8-B7C8-69ADBD8892E8}.Release|Any CPU.ActiveCfg = Release|Any CPU
		{D6EFF28A-09BE-49F8-B7C8-69ADBD8892E8}.Release|Any CPU.Build.0 = Release|Any CPU
	EndGlobalSection
	GlobalSection(SolutionProperties) = preSolution
		HideSolutionNode = FALSE
	EndGlobalSection
	GlobalSection(ExtensibilityGlobals) = postSolution
		SolutionGuid = {A4F36A2C-012D-4DA1-ADF6-5C2B7FA95AF6}
	EndGlobalSection
EndGlobal
